# This file is automatically @generated by Cargo.
# It is not intended for manual editing.
[[package]]
name = "bitflags"
version = "1.2.1"
source = "registry+https://github.com/rust-lang/crates.io-index"
checksum = "cf1de2fe8c75bc145a2f577add951f8134889b4795d47466a54a5c846d691693"

[[package]]
name = "cc"
version = "1.0.52"
source = "registry+https://github.com/rust-lang/crates.io-index"
checksum = "c3d87b23d6a92cd03af510a5ade527033f6aa6fa92161e2d5863a907d4c5e31d"

[[package]]
name = "cfg-if"
version = "0.1.10"
source = "registry+https://github.com/rust-lang/crates.io-index"
checksum = "4785bdd1c96b2a846b2bd7cc02e86b6b3dbf14e7e53446c4f54c92a361040822"

[[package]]
name = "derive_more"
version = "0.99.5"
source = "registry+https://github.com/rust-lang/crates.io-index"
checksum = "e2323f3f47db9a0e77ce7a300605d8d2098597fc451ed1a97bb1f6411bb550a7"
dependencies = [
 "proc-macro2",
 "quote",
 "syn",
]

[[package]]
name = "dyn-clone"
version = "1.0.1"
source = "registry+https://github.com/rust-lang/crates.io-index"
checksum = "b3ec9c7fb9a2ce708751c98e31ccbae74b6ab194f5c8e30cfb7ed62e38b70866"

[[package]]
name = "fsdterm"
version = "0.1.0"
dependencies = [
 "mray",
 "nix",
 "sdl2",
]

[[package]]
name = "lazy_static"
version = "1.4.0"
source = "registry+https://github.com/rust-lang/crates.io-index"
checksum = "e2abad23fbc42b3700f2f279844dc832adb2b2eb069b2df918f455c4e18cc646"

[[package]]
name = "libc"
version = "0.2.69"
source = "registry+https://github.com/rust-lang/crates.io-index"
checksum = "99e85c08494b21a9054e7fe1374a732aeadaff3980b6990b94bfd3a70f690005"

[[package]]
name = "mray"
version = "0.1.0"
source = "git+https://github.com/asrcpq/mray#cdb3948a5565c9e077f0b176fe390a2d4db256ec"
dependencies = [
 "derive_more",
 "dyn-clone",
 "lazy_static",
]

[[package]]
name = "nix"
version = "0.17.0"
source = "registry+https://github.com/rust-lang/crates.io-index"
checksum = "50e4785f2c3b7589a0d0c1dd60285e1188adac4006e8abd6dd578e1567027363"
dependencies = [
 "bitflags",
 "cc",
 "cfg-if",
 "libc",
 "void",
]

[[package]]
name = "proc-macro2"
version = "1.0.12"
source = "registry+https://github.com/rust-lang/crates.io-index"
checksum = "8872cf6f48eee44265156c111456a700ab3483686b3f96df4cf5481c89157319"
dependencies = [
 "unicode-xid",
]

[[package]]
name = "quote"
version = "1.0.4"
source = "registry+https://github.com/rust-lang/crates.io-index"
checksum = "4c1f4b0efa5fc5e8ceb705136bfee52cfdb6a4e3509f770b478cd6ed434232a7"
dependencies = [
 "proc-macro2",
]

[[package]]
name = "sdl2"
version = "0.34.0"
source = "registry+https://github.com/rust-lang/crates.io-index"
checksum = "6693f362118c0cd32858fe33a14d74cc3111bbc3a7de1aee88e5289fd9289f97"
dependencies = [
 "bitflags",
 "lazy_static",
 "libc",
 "sdl2-sys",
]

[[package]]
name = "sdl2-sys"
version = "0.34.0"
source = "registry+https://github.com/rust-lang/crates.io-index"
checksum = "575db20c45cce6565d4ece46509288ded53f5571dc89e4af165a562eb0eeec26"
dependencies = [
 "cfg-if",
 "libc",
]

[[package]]
name = "syn"
version = "1.0.19"
source = "registry+https://github.com/rust-lang/crates.io-index"
checksum = "e8e5aa70697bb26ee62214ae3288465ecec0000f05182f039b477001f08f5ae7"
dependencies = [
 "proc-macro2",
 "quote",
 "unicode-xid",
]

[[package]]
name = "unicode-xid"
version = "0.2.0"
source = "registry+https://github.com/rust-lang/crates.io-index"
checksum = "826e7639553986605ec5979c7dd957c7895e93eabed50ab2ffa7f6128a75097c"

[[package]]
name = "void"
version = "1.0.2"
source = "registry+https://github.com/rust-lang/crates.io-index"
checksum = "6a02e4885ed3bc0f2de90ea6dd45ebcbb66dacffe03547fadbb0eeae2770887d"
